
Microsoft Visual Studio Solution File, Format Version 12.00
# Visual Studio Version 17
VisualStudioVersion = 17.13.35825.156 d17.13
MinimumVisualStudioVersion = 10.0.40219.1
Project("{FAE04EC0-301F-11D3-BF4B-00C04F79EFBC}") = "exercicio-01", "exercicio-01\exercicio-01.csproj", "{581B9160-DD74-4F7E-A096-E73F208648EF}"
EndProject
Global
	GlobalSection(SolutionConfigurationPlatforms) = preSolution
		Debug|Any CPU = Debug|Any CPU
		Release|Any CPU = Release|Any CPU
	EndGlobalSection
	GlobalSection(ProjectConfigurationPlatforms) = postSolution
		{581B9160-DD74-4F7E-A096-E73F208648EF}.Debug|Any CPU.ActiveCfg = Debug|Any CPU
		{581B9160-DD74-4F7E-A096-E73F208648EF}.Debug|Any CPU.Build.0 = Debug|Any CPU
		{581B9160-DD74-4F7E-A096-E73F208648EF}.Release|Any CPU.ActiveCfg = Release|Any CPU
		{581B9160-DD74-4F7E-A096-E73F208648EF}.Release|Any CPU.Build.0 = Release|Any CPU
	EndGlobalSection
	GlobalSection(SolutionProperties) = preSolution
		HideSolutionNode = FALSE
	EndGlobalSection
	GlobalSection(ExtensibilityGlobals) = postSolution
		SolutionGuid = {E281C53B-FC58-4C5B-A73F-39B9F3A02875}
	EndGlobalSection
EndGlobal
