
Microsoft Visual Studio Solution File, Format Version 12.00
# Visual Studio Version 17
VisualStudioVersion = 17.13.35825.156
MinimumVisualStudioVersion = 10.0.40219.1
Project("{FAE04EC0-301F-11D3-BF4B-00C04F79EFBC}") = "exercicio-01", "exercicio-01\exercicio-01.csproj", "{581B9160-DD74-4F7E-A096-E73F208648EF}"
EndProject
Project("{FAE04EC0-301F-11D3-BF4B-00C04F79EFBC}") = "exercicio-02", "exercicio-02\exercicio-02.csproj", "{EA55E30D-62C9-42F4-87C0-EBF13A39CA8A}"
EndProject
Project("{FAE04EC0-301F-11D3-BF4B-00C04F79EFBC}") = "exercicio-03", "exercicio-03\exercicio-03.csproj", "{902A6B50-82C2-4ABA-A82D-4ADDA11236D7}"
EndProject
Project("{FAE04EC0-301F-11D3-BF4B-00C04F79EFBC}") = "exercicio-04", "exercicio-04\exercicio-04.csproj", "{F5F2A306-B675-4726-805A-F9D99FFC75E6}"
EndProject
Project("{FAE04EC0-301F-11D3-BF4B-00C04F79EFBC}") = "exercicio-05", "exercicio-05\exercicio-05.csproj", "{1DB24C0D-D9AB-4CD5-BAFA-44DA955B6786}"
EndProject
Project("{FAE04EC0-301F-11D3-BF4B-00C04F79EFBC}") = "exercicio-06", "exercicio-06\exercicio-06.csproj", "{7CB6FEDD-8266-4621-8CBF-F6DFBB5ECE75}"
EndProject
Project("{FAE04EC0-301F-11D3-BF4B-00C04F79EFBC}") = "exercicio-07", "exercicio-07\exercicio-07.csproj", "{1A831F9A-8236-463C-BAEF-8EE08149C3DB}"
EndProject
Project("{FAE04EC0-301F-11D3-BF4B-00C04F79EFBC}") = "exercicio-08", "exercicio-08\exercicio-08.csproj", "{F7A9AE85-860D-41AE-9088-E6C6FCC00A4F}"
EndProject
Project("{FAE04EC0-301F-11D3-BF4B-00C04F79EFBC}") = "exercicio-09", "exercicio-09\exercicio-09.csproj", "{ECBEEE5C-4506-4187-8E9B-423443A73BE1}"
EndProject
Project("{2150E333-8FDC-42A3-9474-1A3956D46DE8}") = "Solution Items", "Solution Items", "{02EA681E-C7D8-13C7-8484-4AC65E1B71E8}"
	ProjectSection(SolutionItems) = preProject
		.editorconfig = .editorconfig
	EndProjectSection
EndProject
Project("{FAE04EC0-301F-11D3-BF4B-00C04F79EFBC}") = "exercicio-10", "exercicio-10\exercicio-10.csproj", "{9D7ED558-64FC-40B2-8356-D3EFF74F77BC}"
EndProject
Project("{FAE04EC0-301F-11D3-BF4B-00C04F79EFBC}") = "exercicio-11", "exercicio-11\exercicio-11.csproj", "{6603A8C5-5DC5-423D-8F4B-01010BD55529}"
EndProject
Project("{FAE04EC0-301F-11D3-BF4B-00C04F79EFBC}") = "exercicio-12", "exercicio-12\exercicio-12.csproj", "{3BC65066-21A9-469D-A583-C4BC601B6769}"
EndProject
Project("{FAE04EC0-301F-11D3-BF4B-00C04F79EFBC}") = "exercicio-13", "exercicio-13\exercicio-13.csproj", "{8A727268-295D-4B17-B291-0BE8ADB87377}"
EndProject
Project("{FAE04EC0-301F-11D3-BF4B-00C04F79EFBC}") = "exercicio-14", "exercicio-14\exercicio-14.csproj", "{793389BB-0DBE-40FE-A622-2FEB9384A61F}"
EndProject
Project("{FAE04EC0-301F-11D3-BF4B-00C04F79EFBC}") = "exercicio-15", "exercicio-15\exercicio-15.csproj", "{4A6488F8-678C-4D5D-B035-00E3425A5174}"
EndProject
Project("{FAE04EC0-301F-11D3-BF4B-00C04F79EFBC}") = "exercicio-16", "exercicio-16\exercicio-16.csproj", "{1D3E26C0-680D-4FD0-A16D-B6B3FAAF94D3}"
EndProject
Project("{FAE04EC0-301F-11D3-BF4B-00C04F79EFBC}") = "exercicio-17", "exercicio-17\exercicio-17.csproj", "{885C2DEB-F2F7-442A-87A7-07A61F992F6A}"
EndProject
Project("{FAE04EC0-301F-11D3-BF4B-00C04F79EFBC}") = "exercicio-18", "exercicio-18\exercicio-18.csproj", "{9F3549A3-6D19-413E-BDBC-34F7D06A4EB4}"
EndProject
Project("{FAE04EC0-301F-11D3-BF4B-00C04F79EFBC}") = "exercicio-19", "exercicio-19\exercicio-19.csproj", "{5BF4968D-DABB-44BF-9999-A65CD1C99FD6}"
EndProject
Project("{FAE04EC0-301F-11D3-BF4B-00C04F79EFBC}") = "exercicio-20", "exercicio-20\exercicio-20.csproj", "{FA843576-8E0F-43F9-8792-2ACB090F4AD0}"
EndProject
Project("{FAE04EC0-301F-11D3-BF4B-00C04F79EFBC}") = "exercicio-21", "exercicio-21\exercicio-21.csproj", "{62045DA0-8A6A-4BB4-AA0E-9205414F8A03}"
EndProject
Global
	GlobalSection(SolutionConfigurationPlatforms) = preSolution
		Debug|Any CPU = Debug|Any CPU
		Release|Any CPU = Release|Any CPU
	EndGlobalSection
	GlobalSection(ProjectConfigurationPlatforms) = postSolution
		{581B9160-DD74-4F7E-A096-E73F208648EF}.Debug|Any CPU.ActiveCfg = Debug|Any CPU
		{581B9160-DD74-4F7E-A096-E73F208648EF}.Debug|Any CPU.Build.0 = Debug|Any CPU
		{581B9160-DD74-4F7E-A096-E73F208648EF}.Release|Any CPU.ActiveCfg = Release|Any CPU
		{581B9160-DD74-4F7E-A096-E73F208648EF}.Release|Any CPU.Build.0 = Release|Any CPU
		{EA55E30D-62C9-42F4-87C0-EBF13A39CA8A}.Debug|Any CPU.ActiveCfg = Debug|Any CPU
		{EA55E30D-62C9-42F4-87C0-EBF13A39CA8A}.Debug|Any CPU.Build.0 = Debug|Any CPU
		{EA55E30D-62C9-42F4-87C0-EBF13A39CA8A}.Release|Any CPU.ActiveCfg = Release|Any CPU
		{EA55E30D-62C9-42F4-87C0-EBF13A39CA8A}.Release|Any CPU.Build.0 = Release|Any CPU
		{902A6B50-82C2-4ABA-A82D-4ADDA11236D7}.Debug|Any CPU.ActiveCfg = Debug|Any CPU
		{902A6B50-82C2-4ABA-A82D-4ADDA11236D7}.Debug|Any CPU.Build.0 = Debug|Any CPU
		{902A6B50-82C2-4ABA-A82D-4ADDA11236D7}.Release|Any CPU.ActiveCfg = Release|Any CPU
		{902A6B50-82C2-4ABA-A82D-4ADDA11236D7}.Release|Any CPU.Build.0 = Release|Any CPU
		{F5F2A306-B675-4726-805A-F9D99FFC75E6}.Debug|Any CPU.ActiveCfg = Debug|Any CPU
		{F5F2A306-B675-4726-805A-F9D99FFC75E6}.Debug|Any CPU.Build.0 = Debug|Any CPU
		{F5F2A306-B675-4726-805A-F9D99FFC75E6}.Release|Any CPU.ActiveCfg = Release|Any CPU
		{F5F2A306-B675-4726-805A-F9D99FFC75E6}.Release|Any CPU.Build.0 = Release|Any CPU
		{1DB24C0D-D9AB-4CD5-BAFA-44DA955B6786}.Debug|Any CPU.ActiveCfg = Debug|Any CPU
		{1DB24C0D-D9AB-4CD5-BAFA-44DA955B6786}.Debug|Any CPU.Build.0 = Debug|Any CPU
		{1DB24C0D-D9AB-4CD5-BAFA-44DA955B6786}.Release|Any CPU.ActiveCfg = Release|Any CPU
		{1DB24C0D-D9AB-4CD5-BAFA-44DA955B6786}.Release|Any CPU.Build.0 = Release|Any CPU
		{7CB6FEDD-8266-4621-8CBF-F6DFBB5ECE75}.Debug|Any CPU.ActiveCfg = Debug|Any CPU
		{7CB6FEDD-8266-4621-8CBF-F6DFBB5ECE75}.Debug|Any CPU.Build.0 = Debug|Any CPU
		{7CB6FEDD-8266-4621-8CBF-F6DFBB5ECE75}.Release|Any CPU.ActiveCfg = Release|Any CPU
		{7CB6FEDD-8266-4621-8CBF-F6DFBB5ECE75}.Release|Any CPU.Build.0 = Release|Any CPU
		{1A831F9A-8236-463C-BAEF-8EE08149C3DB}.Debug|Any CPU.ActiveCfg = Debug|Any CPU
		{1A831F9A-8236-463C-BAEF-8EE08149C3DB}.Debug|Any CPU.Build.0 = Debug|Any CPU
		{1A831F9A-8236-463C-BAEF-8EE08149C3DB}.Release|Any CPU.ActiveCfg = Release|Any CPU
		{1A831F9A-8236-463C-BAEF-8EE08149C3DB}.Release|Any CPU.Build.0 = Release|Any CPU
		{F7A9AE85-860D-41AE-9088-E6C6FCC00A4F}.Debug|Any CPU.ActiveCfg = Debug|Any CPU
		{F7A9AE85-860D-41AE-9088-E6C6FCC00A4F}.Debug|Any CPU.Build.0 = Debug|Any CPU
		{F7A9AE85-860D-41AE-9088-E6C6FCC00A4F}.Release|Any CPU.ActiveCfg = Release|Any CPU
		{F7A9AE85-860D-41AE-9088-E6C6FCC00A4F}.Release|Any CPU.Build.0 = Release|Any CPU
		{ECBEEE5C-4506-4187-8E9B-423443A73BE1}.Debug|Any CPU.ActiveCfg = Debug|Any CPU
		{ECBEEE5C-4506-4187-8E9B-423443A73BE1}.Debug|Any CPU.Build.0 = Debug|Any CPU
		{ECBEEE5C-4506-4187-8E9B-423443A73BE1}.Release|Any CPU.ActiveCfg = Release|Any CPU
		{ECBEEE5C-4506-4187-8E9B-423443A73BE1}.Release|Any CPU.Build.0 = Release|Any CPU
		{9D7ED558-64FC-40B2-8356-D3EFF74F77BC}.Debug|Any CPU.ActiveCfg = Debug|Any CPU
		{9D7ED558-64FC-40B2-8356-D3EFF74F77BC}.Debug|Any CPU.Build.0 = Debug|Any CPU
		{9D7ED558-64FC-40B2-8356-D3EFF74F77BC}.Release|Any CPU.ActiveCfg = Release|Any CPU
		{9D7ED558-64FC-40B2-8356-D3EFF74F77BC}.Release|Any CPU.Build.0 = Release|Any CPU
		{6603A8C5-5DC5-423D-8F4B-01010BD55529}.Debug|Any CPU.ActiveCfg = Debug|Any CPU
		{6603A8C5-5DC5-423D-8F4B-01010BD55529}.Debug|Any CPU.Build.0 = Debug|Any CPU
		{6603A8C5-5DC5-423D-8F4B-01010BD55529}.Release|Any CPU.ActiveCfg = Release|Any CPU
		{6603A8C5-5DC5-423D-8F4B-01010BD55529}.Release|Any CPU.Build.0 = Release|Any CPU
		{3BC65066-21A9-469D-A583-C4BC601B6769}.Debug|Any CPU.ActiveCfg = Debug|Any CPU
		{3BC65066-21A9-469D-A583-C4BC601B6769}.Debug|Any CPU.Build.0 = Debug|Any CPU
		{3BC65066-21A9-469D-A583-C4BC601B6769}.Release|Any CPU.ActiveCfg = Release|Any CPU
		{3BC65066-21A9-469D-A583-C4BC601B6769}.Release|Any CPU.Build.0 = Release|Any CPU
		{8A727268-295D-4B17-B291-0BE8ADB87377}.Debug|Any CPU.ActiveCfg = Debug|Any CPU
		{8A727268-295D-4B17-B291-0BE8ADB87377}.Debug|Any CPU.Build.0 = Debug|Any CPU
		{8A727268-295D-4B17-B291-0BE8ADB87377}.Release|Any CPU.ActiveCfg = Release|Any CPU
		{8A727268-295D-4B17-B291-0BE8ADB87377}.Release|Any CPU.Build.0 = Release|Any CPU
		{793389BB-0DBE-40FE-A622-2FEB9384A61F}.Debug|Any CPU.ActiveCfg = Debug|Any CPU
		{793389BB-0DBE-40FE-A622-2FEB9384A61F}.Debug|Any CPU.Build.0 = Debug|Any CPU
		{793389BB-0DBE-40FE-A622-2FEB9384A61F}.Release|Any CPU.ActiveCfg = Release|Any CPU
		{793389BB-0DBE-40FE-A622-2FEB9384A61F}.Release|Any CPU.Build.0 = Release|Any CPU
		{4A6488F8-678C-4D5D-B035-00E3425A5174}.Debug|Any CPU.ActiveCfg = Debug|Any CPU
		{4A6488F8-678C-4D5D-B035-00E3425A5174}.Debug|Any CPU.Build.0 = Debug|Any CPU
		{4A6488F8-678C-4D5D-B035-00E3425A5174}.Release|Any CPU.ActiveCfg = Release|Any CPU
		{4A6488F8-678C-4D5D-B035-00E3425A5174}.Release|Any CPU.Build.0 = Release|Any CPU
		{1D3E26C0-680D-4FD0-A16D-B6B3FAAF94D3}.Debug|Any CPU.ActiveCfg = Debug|Any CPU
		{1D3E26C0-680D-4FD0-A16D-B6B3FAAF94D3}.Debug|Any CPU.Build.0 = Debug|Any CPU
		{1D3E26C0-680D-4FD0-A16D-B6B3FAAF94D3}.Release|Any CPU.ActiveCfg = Release|Any CPU
		{1D3E26C0-680D-4FD0-A16D-B6B3FAAF94D3}.Release|Any CPU.Build.0 = Release|Any CPU
		{885C2DEB-F2F7-442A-87A7-07A61F992F6A}.Debug|Any CPU.ActiveCfg = Debug|Any CPU
		{885C2DEB-F2F7-442A-87A7-07A61F992F6A}.Debug|Any CPU.Build.0 = Debug|Any CPU
		{885C2DEB-F2F7-442A-87A7-07A61F992F6A}.Release|Any CPU.ActiveCfg = Release|Any CPU
		{885C2DEB-F2F7-442A-87A7-07A61F992F6A}.Release|Any CPU.Build.0 = Release|Any CPU
		{9F3549A3-6D19-413E-BDBC-34F7D06A4EB4}.Debug|Any CPU.ActiveCfg = Debug|Any CPU
		{9F3549A3-6D19-413E-BDBC-34F7D06A4EB4}.Debug|Any CPU.Build.0 = Debug|Any CPU
		{9F3549A3-6D19-413E-BDBC-34F7D06A4EB4}.Release|Any CPU.ActiveCfg = Release|Any CPU
		{9F3549A3-6D19-413E-BDBC-34F7D06A4EB4}.Release|Any CPU.Build.0 = Release|Any CPU
		{5BF4968D-DABB-44BF-9999-A65CD1C99FD6}.Debug|Any CPU.ActiveCfg = Debug|Any CPU
		{5BF4968D-DABB-44BF-9999-A65CD1C99FD6}.Debug|Any CPU.Build.0 = Debug|Any CPU
		{5BF4968D-DABB-44BF-9999-A65CD1C99FD6}.Release|Any CPU.ActiveCfg = Release|Any CPU
		{5BF4968D-DABB-44BF-9999-A65CD1C99FD6}.Release|Any CPU.Build.0 = Release|Any CPU
		{FA843576-8E0F-43F9-8792-2ACB090F4AD0}.Debug|Any CPU.ActiveCfg = Debug|Any CPU
		{FA843576-8E0F-43F9-8792-2ACB090F4AD0}.Debug|Any CPU.Build.0 = Debug|Any CPU
		{FA843576-8E0F-43F9-8792-2ACB090F4AD0}.Release|Any CPU.ActiveCfg = Release|Any CPU
		{FA843576-8E0F-43F9-8792-2ACB090F4AD0}.Release|Any CPU.Build.0 = Release|Any CPU
		{62045DA0-8A6A-4BB4-AA0E-9205414F8A03}.Debug|Any CPU.ActiveCfg = Debug|Any CPU
		{62045DA0-8A6A-4BB4-AA0E-9205414F8A03}.Debug|Any CPU.Build.0 = Debug|Any CPU
		{62045DA0-8A6A-4BB4-AA0E-9205414F8A03}.Release|Any CPU.ActiveCfg = Release|Any CPU
		{62045DA0-8A6A-4BB4-AA0E-9205414F8A03}.Release|Any CPU.Build.0 = Release|Any CPU
	EndGlobalSection
	GlobalSection(SolutionProperties) = preSolution
		HideSolutionNode = FALSE
	EndGlobalSection
	GlobalSection(ExtensibilityGlobals) = postSolution
		SolutionGuid = {E281C53B-FC58-4C5B-A73F-39B9F3A02875}
	EndGlobalSection
EndGlobal
